# This file is autogenerated, do not edit; changes may be undone by the next 'dep ensure'.


[[projects]]
  name = "github.com/davecgh/go-spew"
  packages = ["spew"]
  revision = "346938d642f2ec3594ed81d874461961cd0faa76"
  version = "v1.1.0"

[[projects]]
  branch = "master"
  name = "github.com/lib/pq"
  packages = [".","oid"]
  revision = "e42267488fe361b9dc034be7a6bffef5b195bceb"

[[projects]]
  name = "github.com/pkg/errors"
  packages = ["."]
  revision = "645ef00459ed84a119197bfb8d8205042c6df63d"
  version = "v0.8.0"

[[projects]]
  name = "github.com/pmezard/go-difflib"
  packages = ["difflib"]
  revision = "792786c7400a136282c1664665ae0a8db921c6c2"
  version = "v1.0.0"

[[projects]]
  name = "github.com/stretchr/testify"
  packages = ["assert"]
  revision = "69483b4bd14f5845b5a1e55bca19e954e827f1d0"
  version = "v1.1.4"

[[projects]]
  name = "github.com/tdewolff/buffer"
  packages = ["."]
  revision = "43cef5ba7b6ce99cc410632dad46cf1c6c97026e"
  version = "v1.0.0"

[[projects]]
  name = "github.com/tdewolff/minify"
  packages = [".","json"]
  revision = "bf4ffcc476fdee34561726f5b5523dc0f87a707a"
  version = "v2.1.0"

[[projects]]
  name = "github.com/tdewolff/parse"
  packages = [".","json"]
  revision = "70d04d8c1ad44f8f9e435a056f276910cb1f29bf"
  version = "v2.1.0"

[[projects]]
  name = "github.com/tdewolff/strconv"
  packages = ["."]
  revision = "3e8091f4417ebaaa3910da63a45ea394ebbfb0e3"
  version = "v1.0.0"

[solve-meta]
  analyzer-name = "dep"
  analyzer-version = 1
  inputs-digest = "b767e2765405973c61492c84f0ebdd08e9d82e48056c5288968af3f454bcf504"
  solver-name = "gps-cdcl"
  solver-version = 1
